
Microsoft Visual Studio Solution File, Format Version 12.00
# Visual Studio Version 17
VisualStudioVersion = 17.3.32929.385
MinimumVisualStudioVersion = 10.0.40219.1
Project("{FAE04EC0-301F-11D3-BF4B-00C04F79EFBC}") = "EBusiness", "EBusiness\EBusiness.csproj", "{1C7502DF-6831-4FFD-A52F-140D49467D18}"
EndProject
Global
	GlobalSection(SolutionConfigurationPlatforms) = preSolution
		Debug|Any CPU = Debug|Any CPU
		Release|Any CPU = Release|Any CPU
	EndGlobalSection
	GlobalSection(ProjectConfigurationPlatforms) = postSolution
		{1C7502DF-6831-4FFD-A52F-140D49467D18}.Debug|Any CPU.ActiveCfg = Debug|Any CPU
		{1C7502DF-6831-4FFD-A52F-140D49467D18}.Debug|Any CPU.Build.0 = Debug|Any CPU
		{1C7502DF-6831-4FFD-A52F-140D49467D18}.Release|Any CPU.ActiveCfg = Release|Any CPU
		{1C7502DF-6831-4FFD-A52F-140D49467D18}.Release|Any CPU.Build.0 = Release|Any CPU
	EndGlobalSection
	GlobalSection(SolutionProperties) = preSolution
		HideSolutionNode = FALSE
	EndGlobalSection
	GlobalSection(ExtensibilityGlobals) = postSolution
		SolutionGuid = {C81EA447-3AB3-43C5-9C97-374D6C76CD1A}
	EndGlobalSection
EndGlobal
